
Microsoft Visual Studio Solution File, Format Version 12.00
# Visual Studio 2013
VisualStudioVersion = 12.0.40629.0
MinimumVisualStudioVersion = 10.0.40219.1
Project("{262852C6-CD72-467D-83FE-5EEB1973A190}") = "PrviiMobile", "PrviiMobile\PrviiMobile.jsproj", "{08C199A8-A7F8-4C3F-8A86-BB805E2FD06E}"
EndProject
Project("{FAE04EC0-301F-11D3-BF4B-00C04F79EFBC}") = "Prvii.Entities", "Prvii.Entities\Prvii.Entities.csproj", "{3D262371-B8FB-47EE-A45C-6B6FF2685FD3}"
EndProject
Project("{FAE04EC0-301F-11D3-BF4B-00C04F79EFBC}") = "Prvii.Business", "Prvii.Business\Prvii.Business.csproj", "{95B28602-A72C-4267-B980-DAF17AD6267B}"
EndProject
Project("{FAE04EC0-301F-11D3-BF4B-00C04F79EFBC}") = "Prvii.BusinessService", "Prvii.BusinessService\Prvii.BusinessService.csproj", "{9A38B3A2-1DFC-43D5-A326-C521F762F403}"
EndProject
Project("{FAE04EC0-301F-11D3-BF4B-00C04F79EFBC}") = "Prvii.ExceptionHandling", "Prvii.ExceptionHandling\Prvii.ExceptionHandling.csproj", "{F194260D-8A7D-4A9D-83BA-9F9EA0019C6A}"
EndProject
Project("{FAE04EC0-301F-11D3-BF4B-00C04F79EFBC}") = "Prvii.Messenger", "Prvii.Messenger\Prvii.Messenger.csproj", "{6FB421B7-9253-4E6B-921A-E6CABE048209}"
EndProject
Project("{FAE04EC0-301F-11D3-BF4B-00C04F79EFBC}") = "Prvii.Web", "Prvii.Web\Prvii.Web.csproj", "{136C929D-A7F9-4C8A-80F2-3B3DAB0C9D23}"
EndProject
Project("{54435603-DBB4-11D2-8724-00A0C9A8B90C}") = "Prvii.MessengerSetup", "Prvii.MessengerSetup\Prvii.MessengerSetup.vdproj", "{F28C1B0D-93ED-45D5-B6AD-F5B754BB704E}"
EndProject
Project("{54435603-DBB4-11D2-8724-00A0C9A8B90C}") = "Prvii.MessengerSetupStaging", "Prvii.MessengerSetupStaging\Prvii.MessengerSetupStaging.vdproj", "{983698E4-02B0-4FED-82CD-FD11958B465E}"
EndProject
Project("{54435603-DBB4-11D2-8724-00A0C9A8B90C}") = "Prvii.MessengerSteupUAT", "Prvii.MessengerSteupUAT\Prvii.MessengerSteupUAT.vdproj", "{1870AA9E-52CA-411B-9614-0E8EFC0EABEC}"
EndProject
Global
	GlobalSection(SourceCodeControl) = preSolution
		SccNumberOfProjects = 11
		SccProjectUniqueName0 = Prvii.Entities\\Prvii.Entities.csproj
		SccProjectName0 = \u0022$/Prvii/QualityRecords/Development/SourceCode/PrviiReleaseNew/Prvii/Prvii.Entities\u0022,\u0020YSTAAAAA
		SccLocalPath0 = Prvii.Entities
		SccProjectUniqueName1 = Prvii.Business\\Prvii.Business.csproj
		SccProjectName1 = \u0022$/Prvii/QualityRecords/Development/SourceCode/PrviiReleaseNew/Prvii/Prvii.Business\u0022,\u0020TQTAAAAA
		SccLocalPath1 = Prvii.Business
		SccProjectUniqueName2 = Prvii.BusinessService\\Prvii.BusinessService.csproj
		SccProjectName2 = \u0022$/Prvii/QualityRecords/Development/SourceCode/PrviiReleaseNew/Prvii/Prvii.BusinessService\u0022,\u0020PRTAAAAA
		SccLocalPath2 = Prvii.BusinessService
		SccProjectUniqueName3 = Prvii.ExceptionHandling\\Prvii.ExceptionHandling.csproj
		SccProjectName3 = \u0022$/Prvii/QualityRecords/Development/SourceCode/PrviiReleaseNew/Prvii/Prvii.ExceptionHandling\u0022,\u0020ZUTAAAAA
		SccLocalPath3 = Prvii.ExceptionHandling
		SccProjectUniqueName4 = Prvii.Messenger\\Prvii.Messenger.csproj
		SccProjectName4 = \u0022$/Prvii/QualityRecords/Development/SourceCode/PrviiReleaseNew/Prvii/Prvii.Messenger\u0022,\u0020HVTAAAAA
		SccLocalPath4 = Prvii.Messenger
		SccProjectUniqueName5 = Prvii.Web\\Prvii.Web.csproj
		SccProjectName5 = \u0022$/Prvii/QualityRecords/Development/SourceCode/PrviiReleaseNew/Prvii/Prvii.Web\u0022,\u0020BWTAAAAA
		SccLocalPath5 = Prvii.Web
		SccProjectUniqueName6 = Prvii.MessengerSetup\\Prvii.MessengerSetup.vdproj
		SccProjectName6 = \u0022$/Prvii/QualityRecords/Development/SourceCode/PrviiReleaseNew/Prvii/Prvii.MessengerSetup\u0022,\u0020NBVAAAAA
		SccLocalPath6 = Prvii.MessengerSetup
		SccProjectUniqueName7 = Prvii.MessengerSetupStaging\\Prvii.MessengerSetupStaging.vdproj
		SccProjectName7 = \u0022$/Prvii/QualityRecords/Development/SourceCode/PrviiReleaseNew/Prvii/Prvii.MessengerSetupStaging\u0022,\u0020QBVAAAAA
		SccLocalPath7 = Prvii.MessengerSetupStaging
		SccProjectUniqueName8 = Prvii.MessengerSteupUAT\\Prvii.MessengerSteupUAT.vdproj
		SccProjectName8 = \u0022$/Prvii/QualityRecords/Development/SourceCode/PrviiReleaseNew/Prvii/Prvii.MessengerSteupUAT\u0022,\u0020YVTAAAAA
		SccLocalPath8 = Prvii.MessengerSteupUAT
		SccLocalPath9 = .
		SccProjectUniqueName10 = PrviiMobile\\PrviiMobile.jsproj
		SccLocalPath10 = .
		SccProjectFilePathRelativizedFromConnection10 = PrviiMobile\\
	EndGlobalSection
	GlobalSection(SolutionConfigurationPlatforms) = preSolution
		Debug|Android = Debug|Android
		Debug|Any CPU = Debug|Any CPU
		Debug|iOS = Debug|iOS
		Debug|Mixed Platforms = Debug|Mixed Platforms
		Debug|Windows Phone (Universal) = Debug|Windows Phone (Universal)
		Debug|Windows Phone 8 = Debug|Windows Phone 8
		Debug|Windows-AnyCPU = Debug|Windows-AnyCPU
		Debug|Windows-ARM = Debug|Windows-ARM
		Debug|Windows-x64 = Debug|Windows-x64
		Debug|Windows-x86 = Debug|Windows-x86
		Distribution|Android = Distribution|Android
		Distribution|Any CPU = Distribution|Any CPU
		Distribution|iOS = Distribution|iOS
		Distribution|Mixed Platforms = Distribution|Mixed Platforms
		Distribution|Windows Phone (Universal) = Distribution|Windows Phone (Universal)
		Distribution|Windows Phone 8 = Distribution|Windows Phone 8
		Distribution|Windows-AnyCPU = Distribution|Windows-AnyCPU
		Distribution|Windows-ARM = Distribution|Windows-ARM
		Distribution|Windows-x64 = Distribution|Windows-x64
		Distribution|Windows-x86 = Distribution|Windows-x86
		Release|Android = Release|Android
		Release|Any CPU = Release|Any CPU
		Release|iOS = Release|iOS
		Release|Mixed Platforms = Release|Mixed Platforms
		Release|Windows Phone (Universal) = Release|Windows Phone (Universal)
		Release|Windows Phone 8 = Release|Windows Phone 8
		Release|Windows-AnyCPU = Release|Windows-AnyCPU
		Release|Windows-ARM = Release|Windows-ARM
		Release|Windows-x64 = Release|Windows-x64
		Release|Windows-x86 = Release|Windows-x86
	EndGlobalSection
	GlobalSection(ProjectConfigurationPlatforms) = postSolution
		{08C199A8-A7F8-4C3F-8A86-BB805E2FD06E}.Debug|Android.ActiveCfg = Debug|Android
		{08C199A8-A7F8-4C3F-8A86-BB805E2FD06E}.Debug|Android.Build.0 = Debug|Android
		{08C199A8-A7F8-4C3F-8A86-BB805E2FD06E}.Debug|Android.Deploy.0 = Debug|Android
		{08C199A8-A7F8-4C3F-8A86-BB805E2FD06E}.Debug|Any CPU.ActiveCfg = Debug|Android
		{08C199A8-A7F8-4C3F-8A86-BB805E2FD06E}.Debug|iOS.ActiveCfg = Debug|iOS
		{08C199A8-A7F8-4C3F-8A86-BB805E2FD06E}.Debug|iOS.Build.0 = Debug|iOS
		{08C199A8-A7F8-4C3F-8A86-BB805E2FD06E}.Debug|iOS.Deploy.0 = Debug|iOS
		{08C199A8-A7F8-4C3F-8A86-BB805E2FD06E}.Debug|Mixed Platforms.ActiveCfg = Debug|Windows-x86
		{08C199A8-A7F8-4C3F-8A86-BB805E2FD06E}.Debug|Mixed Platforms.Build.0 = Debug|Windows-x86
		{08C199A8-A7F8-4C3F-8A86-BB805E2FD06E}.Debug|Mixed Platforms.Deploy.0 = Debug|Windows-x86
		{08C199A8-A7F8-4C3F-8A86-BB805E2FD06E}.Debug|Windows Phone (Universal).ActiveCfg = Debug|Windows Phone (Universal)
		{08C199A8-A7F8-4C3F-8A86-BB805E2FD06E}.Debug|Windows Phone (Universal).Build.0 = Debug|Windows Phone (Universal)
		{08C199A8-A7F8-4C3F-8A86-BB805E2FD06E}.Debug|Windows Phone (Universal).Deploy.0 = Debug|Windows Phone (Universal)
		{08C199A8-A7F8-4C3F-8A86-BB805E2FD06E}.Debug|Windows Phone 8.ActiveCfg = Debug|Windows Phone 8
		{08C199A8-A7F8-4C3F-8A86-BB805E2FD06E}.Debug|Windows Phone 8.Build.0 = Debug|Windows Phone 8
		{08C199A8-A7F8-4C3F-8A86-BB805E2FD06E}.Debug|Windows Phone 8.Deploy.0 = Debug|Windows Phone 8
		{08C199A8-A7F8-4C3F-8A86-BB805E2FD06E}.Debug|Windows-AnyCPU.ActiveCfg = Debug|Windows-AnyCPU
		{08C199A8-A7F8-4C3F-8A86-BB805E2FD06E}.Debug|Windows-AnyCPU.Build.0 = Debug|Windows-AnyCPU
		{08C199A8-A7F8-4C3F-8A86-BB805E2FD06E}.Debug|Windows-AnyCPU.Deploy.0 = Debug|Windows-AnyCPU
		{08C199A8-A7F8-4C3F-8A86-BB805E2FD06E}.Debug|Windows-ARM.ActiveCfg = Debug|Windows-ARM
		{08C199A8-A7F8-4C3F-8A86-BB805E2FD06E}.Debug|Windows-ARM.Build.0 = Debug|Windows-ARM
		{08C199A8-A7F8-4C3F-8A86-BB805E2FD06E}.Debug|Windows-ARM.Deploy.0 = Debug|Windows-ARM
		{08C199A8-A7F8-4C3F-8A86-BB805E2FD06E}.Debug|Windows-x64.ActiveCfg = Debug|Windows-x64
		{08C199A8-A7F8-4C3F-8A86-BB805E2FD06E}.Debug|Windows-x64.Build.0 = Debug|Windows-x64
		{08C199A8-A7F8-4C3F-8A86-BB805E2FD06E}.Debug|Windows-x64.Deploy.0 = Debug|Windows-x64
		{08C199A8-A7F8-4C3F-8A86-BB805E2FD06E}.Debug|Windows-x86.ActiveCfg = Debug|Windows-x86
		{08C199A8-A7F8-4C3F-8A86-BB805E2FD06E}.Debug|Windows-x86.Build.0 = Debug|Windows-x86
		{08C199A8-A7F8-4C3F-8A86-BB805E2FD06E}.Debug|Windows-x86.Deploy.0 = Debug|Windows-x86
		{08C199A8-A7F8-4C3F-8A86-BB805E2FD06E}.Distribution|Android.ActiveCfg = Distribution|Android
		{08C199A8-A7F8-4C3F-8A86-BB805E2FD06E}.Distribution|Android.Build.0 = Distribution|Android
		{08C199A8-A7F8-4C3F-8A86-BB805E2FD06E}.Distribution|Android.Deploy.0 = Distribution|Android
		{08C199A8-A7F8-4C3F-8A86-BB805E2FD06E}.Distribution|Any CPU.ActiveCfg = Distribution|Android
		{08C199A8-A7F8-4C3F-8A86-BB805E2FD06E}.Distribution|iOS.ActiveCfg = Distribution|iOS
		{08C199A8-A7F8-4C3F-8A86-BB805E2FD06E}.Distribution|iOS.Build.0 = Distribution|iOS
		{08C199A8-A7F8-4C3F-8A86-BB805E2FD06E}.Distribution|iOS.Deploy.0 = Distribution|iOS
		{08C199A8-A7F8-4C3F-8A86-BB805E2FD06E}.Distribution|Mixed Platforms.ActiveCfg = Distribution|Windows-x86
		{08C199A8-A7F8-4C3F-8A86-BB805E2FD06E}.Distribution|Mixed Platforms.Build.0 = Distribution|Windows-x86
		{08C199A8-A7F8-4C3F-8A86-BB805E2FD06E}.Distribution|Mixed Platforms.Deploy.0 = Distribution|Windows-x86
		{08C199A8-A7F8-4C3F-8A86-BB805E2FD06E}.Distribution|Windows Phone (Universal).ActiveCfg = Distribution|Windows Phone (Universal)
		{08C199A8-A7F8-4C3F-8A86-BB805E2FD06E}.Distribution|Windows Phone (Universal).Build.0 = Distribution|Windows Phone (Universal)
		{08C199A8-A7F8-4C3F-8A86-BB805E2FD06E}.Distribution|Windows Phone (Universal).Deploy.0 = Distribution|Windows Phone (Universal)
		{08C199A8-A7F8-4C3F-8A86-BB805E2FD06E}.Distribution|Windows Phone 8.ActiveCfg = Distribution|Windows Phone 8
		{08C199A8-A7F8-4C3F-8A86-BB805E2FD06E}.Distribution|Windows Phone 8.Build.0 = Distribution|Windows Phone 8
		{08C199A8-A7F8-4C3F-8A86-BB805E2FD06E}.Distribution|Windows Phone 8.Deploy.0 = Distribution|Windows Phone 8
		{08C199A8-A7F8-4C3F-8A86-BB805E2FD06E}.Distribution|Windows-AnyCPU.ActiveCfg = Distribution|Windows-AnyCPU
		{08C199A8-A7F8-4C3F-8A86-BB805E2FD06E}.Distribution|Windows-AnyCPU.Build.0 = Distribution|Windows-AnyCPU
		{08C199A8-A7F8-4C3F-8A86-BB805E2FD06E}.Distribution|Windows-AnyCPU.Deploy.0 = Distribution|Windows-AnyCPU
		{08C199A8-A7F8-4C3F-8A86-BB805E2FD06E}.Distribution|Windows-ARM.ActiveCfg = Distribution|Windows-ARM
		{08C199A8-A7F8-4C3F-8A86-BB805E2FD06E}.Distribution|Windows-ARM.Build.0 = Distribution|Windows-ARM
		{08C199A8-A7F8-4C3F-8A86-BB805E2FD06E}.Distribution|Windows-ARM.Deploy.0 = Distribution|Windows-ARM
		{08C199A8-A7F8-4C3F-8A86-BB805E2FD06E}.Distribution|Windows-x64.ActiveCfg = Distribution|Windows-x64
		{08C199A8-A7F8-4C3F-8A86-BB805E2FD06E}.Distribution|Windows-x64.Build.0 = Distribution|Windows-x64
		{08C199A8-A7F8-4C3F-8A86-BB805E2FD06E}.Distribution|Windows-x64.Deploy.0 = Distribution|Windows-x64
		{08C199A8-A7F8-4C3F-8A86-BB805E2FD06E}.Distribution|Windows-x86.ActiveCfg = Distribution|Windows-x86
		{08C199A8-A7F8-4C3F-8A86-BB805E2FD06E}.Distribution|Windows-x86.Build.0 = Distribution|Windows-x86
		{08C199A8-A7F8-4C3F-8A86-BB805E2FD06E}.Distribution|Windows-x86.Deploy.0 = Distribution|Windows-x86
		{08C199A8-A7F8-4C3F-8A86-BB805E2FD06E}.Release|Android.ActiveCfg = Release|Android
		{08C199A8-A7F8-4C3F-8A86-BB805E2FD06E}.Release|Android.Build.0 = Release|Android
		{08C199A8-A7F8-4C3F-8A86-BB805E2FD06E}.Release|Android.Deploy.0 = Release|Android
		{08C199A8-A7F8-4C3F-8A86-BB805E2FD06E}.Release|Any CPU.ActiveCfg = Release|Android
		{08C199A8-A7F8-4C3F-8A86-BB805E2FD06E}.Release|iOS.ActiveCfg = Release|iOS
		{08C199A8-A7F8-4C3F-8A86-BB805E2FD06E}.Release|iOS.Build.0 = Release|iOS
		{08C199A8-A7F8-4C3F-8A86-BB805E2FD06E}.Release|iOS.Deploy.0 = Release|iOS
		{08C199A8-A7F8-4C3F-8A86-BB805E2FD06E}.Release|Mixed Platforms.ActiveCfg = Release|Windows-x86
		{08C199A8-A7F8-4C3F-8A86-BB805E2FD06E}.Release|Mixed Platforms.Build.0 = Release|Windows-x86
		{08C199A8-A7F8-4C3F-8A86-BB805E2FD06E}.Release|Mixed Platforms.Deploy.0 = Release|Windows-x86
		{08C199A8-A7F8-4C3F-8A86-BB805E2FD06E}.Release|Windows Phone (Universal).ActiveCfg = Release|Windows Phone (Universal)
		{08C199A8-A7F8-4C3F-8A86-BB805E2FD06E}.Release|Windows Phone (Universal).Build.0 = Release|Windows Phone (Universal)
		{08C199A8-A7F8-4C3F-8A86-BB805E2FD06E}.Release|Windows Phone (Universal).Deploy.0 = Release|Windows Phone (Universal)
		{08C199A8-A7F8-4C3F-8A86-BB805E2FD06E}.Release|Windows Phone 8.ActiveCfg = Release|Windows Phone 8
		{08C199A8-A7F8-4C3F-8A86-BB805E2FD06E}.Release|Windows Phone 8.Build.0 = Release|Windows Phone 8
		{08C199A8-A7F8-4C3F-8A86-BB805E2FD06E}.Release|Windows Phone 8.Deploy.0 = Release|Windows Phone 8
		{08C199A8-A7F8-4C3F-8A86-BB805E2FD06E}.Release|Windows-AnyCPU.ActiveCfg = Release|Windows-AnyCPU
		{08C199A8-A7F8-4C3F-8A86-BB805E2FD06E}.Release|Windows-AnyCPU.Build.0 = Release|Windows-AnyCPU
		{08C199A8-A7F8-4C3F-8A86-BB805E2FD06E}.Release|Windows-AnyCPU.Deploy.0 = Release|Windows-AnyCPU
		{08C199A8-A7F8-4C3F-8A86-BB805E2FD06E}.Release|Windows-ARM.ActiveCfg = Release|Windows-ARM
		{08C199A8-A7F8-4C3F-8A86-BB805E2FD06E}.Release|Windows-ARM.Build.0 = Release|Windows-ARM
		{08C199A8-A7F8-4C3F-8A86-BB805E2FD06E}.Release|Windows-ARM.Deploy.0 = Release|Windows-ARM
		{08C199A8-A7F8-4C3F-8A86-BB805E2FD06E}.Release|Windows-x64.ActiveCfg = Release|Windows-x64
		{08C199A8-A7F8-4C3F-8A86-BB805E2FD06E}.Release|Windows-x64.Build.0 = Release|Windows-x64
		{08C199A8-A7F8-4C3F-8A86-BB805E2FD06E}.Release|Windows-x64.Deploy.0 = Release|Windows-x64
		{08C199A8-A7F8-4C3F-8A86-BB805E2FD06E}.Release|Windows-x86.ActiveCfg = Release|Windows-x86
		{08C199A8-A7F8-4C3F-8A86-BB805E2FD06E}.Release|Windows-x86.Build.0 = Release|Windows-x86
		{08C199A8-A7F8-4C3F-8A86-BB805E2FD06E}.Release|Windows-x86.Deploy.0 = Release|Windows-x86
		{3D262371-B8FB-47EE-A45C-6B6FF2685FD3}.Debug|Android.ActiveCfg = Debug|Any CPU
		{3D262371-B8FB-47EE-A45C-6B6FF2685FD3}.Debug|Any CPU.ActiveCfg = Debug|Any CPU
		{3D262371-B8FB-47EE-A45C-6B6FF2685FD3}.Debug|Any CPU.Build.0 = Debug|Any CPU
		{3D262371-B8FB-47EE-A45C-6B6FF2685FD3}.Debug|iOS.ActiveCfg = Debug|Any CPU
		{3D262371-B8FB-47EE-A45C-6B6FF2685FD3}.Debug|Mixed Platforms.ActiveCfg = Debug|Any CPU
		{3D262371-B8FB-47EE-A45C-6B6FF2685FD3}.Debug|Mixed Platforms.Build.0 = Debug|Any CPU
		{3D262371-B8FB-47EE-A45C-6B6FF2685FD3}.Debug|Windows Phone (Universal).ActiveCfg = Debug|Any CPU
		{3D262371-B8FB-47EE-A45C-6B6FF2685FD3}.Debug|Windows Phone 8.ActiveCfg = Debug|Any CPU
		{3D262371-B8FB-47EE-A45C-6B6FF2685FD3}.Debug|Windows-AnyCPU.ActiveCfg = Debug|Any CPU
		{3D262371-B8FB-47EE-A45C-6B6FF2685FD3}.Debug|Windows-ARM.ActiveCfg = Debug|Any CPU
		{3D262371-B8FB-47EE-A45C-6B6FF2685FD3}.Debug|Windows-x64.ActiveCfg = Debug|Any CPU
		{3D262371-B8FB-47EE-A45C-6B6FF2685FD3}.Debug|Windows-x86.ActiveCfg = Debug|Any CPU
		{3D262371-B8FB-47EE-A45C-6B6FF2685FD3}.Distribution|Android.ActiveCfg = Debug|Any CPU
		{3D262371-B8FB-47EE-A45C-6B6FF2685FD3}.Distribution|Any CPU.ActiveCfg = Debug|Any CPU
		{3D262371-B8FB-47EE-A45C-6B6FF2685FD3}.Distribution|Any CPU.Build.0 = Debug|Any CPU
		{3D262371-B8FB-47EE-A45C-6B6FF2685FD3}.Distribution|iOS.ActiveCfg = Debug|Any CPU
		{3D262371-B8FB-47EE-A45C-6B6FF2685FD3}.Distribution|Mixed Platforms.ActiveCfg = Debug|Any CPU
		{3D262371-B8FB-47EE-A45C-6B6FF2685FD3}.Distribution|Mixed Platforms.Build.0 = Debug|Any CPU
		{3D262371-B8FB-47EE-A45C-6B6FF2685FD3}.Distribution|Windows Phone (Universal).ActiveCfg = Debug|Any CPU
		{3D262371-B8FB-47EE-A45C-6B6FF2685FD3}.Distribution|Windows Phone 8.ActiveCfg = Debug|Any CPU
		{3D262371-B8FB-47EE-A45C-6B6FF2685FD3}.Distribution|Windows-AnyCPU.ActiveCfg = Debug|Any CPU
		{3D262371-B8FB-47EE-A45C-6B6FF2685FD3}.Distribution|Windows-ARM.ActiveCfg = Debug|Any CPU
		{3D262371-B8FB-47EE-A45C-6B6FF2685FD3}.Distribution|Windows-x64.ActiveCfg = Debug|Any CPU
		{3D262371-B8FB-47EE-A45C-6B6FF2685FD3}.Distribution|Windows-x86.ActiveCfg = Debug|Any CPU
		{3D262371-B8FB-47EE-A45C-6B6FF2685FD3}.Release|Android.ActiveCfg = Release|Any CPU
		{3D262371-B8FB-47EE-A45C-6B6FF2685FD3}.Release|Any CPU.ActiveCfg = Release|Any CPU
		{3D262371-B8FB-47EE-A45C-6B6FF2685FD3}.Release|Any CPU.Build.0 = Release|Any CPU
		{3D262371-B8FB-47EE-A45C-6B6FF2685FD3}.Release|iOS.ActiveCfg = Release|Any CPU
		{3D262371-B8FB-47EE-A45C-6B6FF2685FD3}.Release|Mixed Platforms.ActiveCfg = Release|Any CPU
		{3D262371-B8FB-47EE-A45C-6B6FF2685FD3}.Release|Mixed Platforms.Build.0 = Release|Any CPU
		{3D262371-B8FB-47EE-A45C-6B6FF2685FD3}.Release|Windows Phone (Universal).ActiveCfg = Release|Any CPU
		{3D262371-B8FB-47EE-A45C-6B6FF2685FD3}.Release|Windows Phone 8.ActiveCfg = Release|Any CPU
		{3D262371-B8FB-47EE-A45C-6B6FF2685FD3}.Release|Windows-AnyCPU.ActiveCfg = Release|Any CPU
		{3D262371-B8FB-47EE-A45C-6B6FF2685FD3}.Release|Windows-ARM.ActiveCfg = Release|Any CPU
		{3D262371-B8FB-47EE-A45C-6B6FF2685FD3}.Release|Windows-x64.ActiveCfg = Release|Any CPU
		{3D262371-B8FB-47EE-A45C-6B6FF2685FD3}.Release|Windows-x86.ActiveCfg = Release|Any CPU
		{95B28602-A72C-4267-B980-DAF17AD6267B}.Debug|Android.ActiveCfg = Debug|Any CPU
		{95B28602-A72C-4267-B980-DAF17AD6267B}.Debug|Any CPU.ActiveCfg = Debug|Any CPU
		{95B28602-A72C-4267-B980-DAF17AD6267B}.Debug|Any CPU.Build.0 = Debug|Any CPU
		{95B28602-A72C-4267-B980-DAF17AD6267B}.Debug|iOS.ActiveCfg = Debug|Any CPU
		{95B28602-A72C-4267-B980-DAF17AD6267B}.Debug|Mixed Platforms.ActiveCfg = Debug|Any CPU
		{95B28602-A72C-4267-B980-DAF17AD6267B}.Debug|Mixed Platforms.Build.0 = Debug|Any CPU
		{95B28602-A72C-4267-B980-DAF17AD6267B}.Debug|Windows Phone (Universal).ActiveCfg = Debug|Any CPU
		{95B28602-A72C-4267-B980-DAF17AD6267B}.Debug|Windows Phone 8.ActiveCfg = Debug|Any CPU
		{95B28602-A72C-4267-B980-DAF17AD6267B}.Debug|Windows-AnyCPU.ActiveCfg = Debug|Any CPU
		{95B28602-A72C-4267-B980-DAF17AD6267B}.Debug|Windows-ARM.ActiveCfg = Debug|Any CPU
		{95B28602-A72C-4267-B980-DAF17AD6267B}.Debug|Windows-x64.ActiveCfg = Debug|Any CPU
		{95B28602-A72C-4267-B980-DAF17AD6267B}.Debug|Windows-x86.ActiveCfg = Debug|Any CPU
		{95B28602-A72C-4267-B980-DAF17AD6267B}.Distribution|Android.ActiveCfg = Debug|Any CPU
		{95B28602-A72C-4267-B980-DAF17AD6267B}.Distribution|Any CPU.ActiveCfg = Debug|Any CPU
		{95B28602-A72C-4267-B980-DAF17AD6267B}.Distribution|Any CPU.Build.0 = Debug|Any CPU
		{95B28602-A72C-4267-B980-DAF17AD6267B}.Distribution|iOS.ActiveCfg = Debug|Any CPU
		{95B28602-A72C-4267-B980-DAF17AD6267B}.Distribution|Mixed Platforms.ActiveCfg = Debug|Any CPU
		{95B28602-A72C-4267-B980-DAF17AD6267B}.Distribution|Mixed Platforms.Build.0 = Debug|Any CPU
		{95B28602-A72C-4267-B980-DAF17AD6267B}.Distribution|Windows Phone (Universal).ActiveCfg = Debug|Any CPU
		{95B28602-A72C-4267-B980-DAF17AD6267B}.Distribution|Windows Phone 8.ActiveCfg = Debug|Any CPU
		{95B28602-A72C-4267-B980-DAF17AD6267B}.Distribution|Windows-AnyCPU.ActiveCfg = Debug|Any CPU
		{95B28602-A72C-4267-B980-DAF17AD6267B}.Distribution|Windows-ARM.ActiveCfg = Debug|Any CPU
		{95B28602-A72C-4267-B980-DAF17AD6267B}.Distribution|Windows-x64.ActiveCfg = Debug|Any CPU
		{95B28602-A72C-4267-B980-DAF17AD6267B}.Distribution|Windows-x86.ActiveCfg = Debug|Any CPU
		{95B28602-A72C-4267-B980-DAF17AD6267B}.Release|Android.ActiveCfg = Release|Any CPU
		{95B28602-A72C-4267-B980-DAF17AD6267B}.Release|Any CPU.ActiveCfg = Release|Any CPU
		{95B28602-A72C-4267-B980-DAF17AD6267B}.Release|Any CPU.Build.0 = Release|Any CPU
		{95B28602-A72C-4267-B980-DAF17AD6267B}.Release|iOS.ActiveCfg = Release|Any CPU
		{95B28602-A72C-4267-B980-DAF17AD6267B}.Release|Mixed Platforms.ActiveCfg = Release|Any CPU
		{95B28602-A72C-4267-B980-DAF17AD6267B}.Release|Mixed Platforms.Build.0 = Release|Any CPU
		{95B28602-A72C-4267-B980-DAF17AD6267B}.Release|Windows Phone (Universal).ActiveCfg = Release|Any CPU
		{95B28602-A72C-4267-B980-DAF17AD6267B}.Release|Windows Phone 8.ActiveCfg = Release|Any CPU
		{95B28602-A72C-4267-B980-DAF17AD6267B}.Release|Windows-AnyCPU.ActiveCfg = Release|Any CPU
		{95B28602-A72C-4267-B980-DAF17AD6267B}.Release|Windows-ARM.ActiveCfg = Release|Any CPU
		{95B28602-A72C-4267-B980-DAF17AD6267B}.Release|Windows-x64.ActiveCfg = Release|Any CPU
		{95B28602-A72C-4267-B980-DAF17AD6267B}.Release|Windows-x86.ActiveCfg = Release|Any CPU
		{9A38B3A2-1DFC-43D5-A326-C521F762F403}.Debug|Android.ActiveCfg = Debug|Any CPU
		{9A38B3A2-1DFC-43D5-A326-C521F762F403}.Debug|Any CPU.ActiveCfg = Debug|Any CPU
		{9A38B3A2-1DFC-43D5-A326-C521F762F403}.Debug|Any CPU.Build.0 = Debug|Any CPU
		{9A38B3A2-1DFC-43D5-A326-C521F762F403}.Debug|iOS.ActiveCfg = Debug|Any CPU
		{9A38B3A2-1DFC-43D5-A326-C521F762F403}.Debug|Mixed Platforms.ActiveCfg = Debug|Any CPU
		{9A38B3A2-1DFC-43D5-A326-C521F762F403}.Debug|Mixed Platforms.Build.0 = Debug|Any CPU
		{9A38B3A2-1DFC-43D5-A326-C521F762F403}.Debug|Windows Phone (Universal).ActiveCfg = Debug|Any CPU
		{9A38B3A2-1DFC-43D5-A326-C521F762F403}.Debug|Windows Phone 8.ActiveCfg = Debug|Any CPU
		{9A38B3A2-1DFC-43D5-A326-C521F762F403}.Debug|Windows-AnyCPU.ActiveCfg = Debug|Any CPU
		{9A38B3A2-1DFC-43D5-A326-C521F762F403}.Debug|Windows-ARM.ActiveCfg = Debug|Any CPU
		{9A38B3A2-1DFC-43D5-A326-C521F762F403}.Debug|Windows-x64.ActiveCfg = Debug|Any CPU
		{9A38B3A2-1DFC-43D5-A326-C521F762F403}.Debug|Windows-x86.ActiveCfg = Debug|Any CPU
		{9A38B3A2-1DFC-43D5-A326-C521F762F403}.Distribution|Android.ActiveCfg = Debug|Any CPU
		{9A38B3A2-1DFC-43D5-A326-C521F762F403}.Distribution|Any CPU.ActiveCfg = Debug|Any CPU
		{9A38B3A2-1DFC-43D5-A326-C521F762F403}.Distribution|Any CPU.Build.0 = Debug|Any CPU
		{9A38B3A2-1DFC-43D5-A326-C521F762F403}.Distribution|iOS.ActiveCfg = Debug|Any CPU
		{9A38B3A2-1DFC-43D5-A326-C521F762F403}.Distribution|Mixed Platforms.ActiveCfg = Debug|Any CPU
		{9A38B3A2-1DFC-43D5-A326-C521F762F403}.Distribution|Mixed Platforms.Build.0 = Debug|Any CPU
		{9A38B3A2-1DFC-43D5-A326-C521F762F403}.Distribution|Windows Phone (Universal).ActiveCfg = Debug|Any CPU
		{9A38B3A2-1DFC-43D5-A326-C521F762F403}.Distribution|Windows Phone 8.ActiveCfg = Debug|Any CPU
		{9A38B3A2-1DFC-43D5-A326-C521F762F403}.Distribution|Windows-AnyCPU.ActiveCfg = Debug|Any CPU
		{9A38B3A2-1DFC-43D5-A326-C521F762F403}.Distribution|Windows-ARM.ActiveCfg = Debug|Any CPU
		{9A38B3A2-1DFC-43D5-A326-C521F762F403}.Distribution|Windows-x64.ActiveCfg = Debug|Any CPU
		{9A38B3A2-1DFC-43D5-A326-C521F762F403}.Distribution|Windows-x86.ActiveCfg = Debug|Any CPU
		{9A38B3A2-1DFC-43D5-A326-C521F762F403}.Release|Android.ActiveCfg = Release|Any CPU
		{9A38B3A2-1DFC-43D5-A326-C521F762F403}.Release|Any CPU.ActiveCfg = Release|Any CPU
		{9A38B3A2-1DFC-43D5-A326-C521F762F403}.Release|Any CPU.Build.0 = Release|Any CPU
		{9A38B3A2-1DFC-43D5-A326-C521F762F403}.Release|iOS.ActiveCfg = Release|Any CPU
		{9A38B3A2-1DFC-43D5-A326-C521F762F403}.Release|Mixed Platforms.ActiveCfg = Release|Any CPU
		{9A38B3A2-1DFC-43D5-A326-C521F762F403}.Release|Mixed Platforms.Build.0 = Release|Any CPU
		{9A38B3A2-1DFC-43D5-A326-C521F762F403}.Release|Windows Phone (Universal).ActiveCfg = Release|Any CPU
		{9A38B3A2-1DFC-43D5-A326-C521F762F403}.Release|Windows Phone 8.ActiveCfg = Release|Any CPU
		{9A38B3A2-1DFC-43D5-A326-C521F762F403}.Release|Windows-AnyCPU.ActiveCfg = Release|Any CPU
		{9A38B3A2-1DFC-43D5-A326-C521F762F403}.Release|Windows-ARM.ActiveCfg = Release|Any CPU
		{9A38B3A2-1DFC-43D5-A326-C521F762F403}.Release|Windows-x64.ActiveCfg = Release|Any CPU
		{9A38B3A2-1DFC-43D5-A326-C521F762F403}.Release|Windows-x86.ActiveCfg = Release|Any CPU
		{F194260D-8A7D-4A9D-83BA-9F9EA0019C6A}.Debug|Android.ActiveCfg = Debug|Any CPU
		{F194260D-8A7D-4A9D-83BA-9F9EA0019C6A}.Debug|Any CPU.ActiveCfg = Debug|Any CPU
		{F194260D-8A7D-4A9D-83BA-9F9EA0019C6A}.Debug|Any CPU.Build.0 = Debug|Any CPU
		{F194260D-8A7D-4A9D-83BA-9F9EA0019C6A}.Debug|iOS.ActiveCfg = Debug|Any CPU
		{F194260D-8A7D-4A9D-83BA-9F9EA0019C6A}.Debug|Mixed Platforms.ActiveCfg = Debug|Any CPU
		{F194260D-8A7D-4A9D-83BA-9F9EA0019C6A}.Debug|Mixed Platforms.Build.0 = Debug|Any CPU
		{F194260D-8A7D-4A9D-83BA-9F9EA0019C6A}.Debug|Windows Phone (Universal).ActiveCfg = Debug|Any CPU
		{F194260D-8A7D-4A9D-83BA-9F9EA0019C6A}.Debug|Windows Phone 8.ActiveCfg = Debug|Any CPU
		{F194260D-8A7D-4A9D-83BA-9F9EA0019C6A}.Debug|Windows-AnyCPU.ActiveCfg = Debug|Any CPU
		{F194260D-8A7D-4A9D-83BA-9F9EA0019C6A}.Debug|Windows-ARM.ActiveCfg = Debug|Any CPU
		{F194260D-8A7D-4A9D-83BA-9F9EA0019C6A}.Debug|Windows-x64.ActiveCfg = Debug|Any CPU
		{F194260D-8A7D-4A9D-83BA-9F9EA0019C6A}.Debug|Windows-x86.ActiveCfg = Debug|Any CPU
		{F194260D-8A7D-4A9D-83BA-9F9EA0019C6A}.Distribution|Android.ActiveCfg = Debug|Any CPU
		{F194260D-8A7D-4A9D-83BA-9F9EA0019C6A}.Distribution|Any CPU.ActiveCfg = Debug|Any CPU
		{F194260D-8A7D-4A9D-83BA-9F9EA0019C6A}.Distribution|Any CPU.Build.0 = Debug|Any CPU
		{F194260D-8A7D-4A9D-83BA-9F9EA0019C6A}.Distribution|iOS.ActiveCfg = Debug|Any CPU
		{F194260D-8A7D-4A9D-83BA-9F9EA0019C6A}.Distribution|Mixed Platforms.ActiveCfg = Debug|Any CPU
		{F194260D-8A7D-4A9D-83BA-9F9EA0019C6A}.Distribution|Mixed Platforms.Build.0 = Debug|Any CPU
		{F194260D-8A7D-4A9D-83BA-9F9EA0019C6A}.Distribution|Windows Phone (Universal).ActiveCfg = Debug|Any CPU
		{F194260D-8A7D-4A9D-83BA-9F9EA0019C6A}.Distribution|Windows Phone 8.ActiveCfg = Debug|Any CPU
		{F194260D-8A7D-4A9D-83BA-9F9EA0019C6A}.Distribution|Windows-AnyCPU.ActiveCfg = Debug|Any CPU
		{F194260D-8A7D-4A9D-83BA-9F9EA0019C6A}.Distribution|Windows-ARM.ActiveCfg = Debug|Any CPU
		{F194260D-8A7D-4A9D-83BA-9F9EA0019C6A}.Distribution|Windows-x64.ActiveCfg = Debug|Any CPU
		{F194260D-8A7D-4A9D-83BA-9F9EA0019C6A}.Distribution|Windows-x86.ActiveCfg = Debug|Any CPU
		{F194260D-8A7D-4A9D-83BA-9F9EA0019C6A}.Release|Android.ActiveCfg = Release|Any CPU
		{F194260D-8A7D-4A9D-83BA-9F9EA0019C6A}.Release|Any CPU.ActiveCfg = Release|Any CPU
		{F194260D-8A7D-4A9D-83BA-9F9EA0019C6A}.Release|Any CPU.Build.0 = Release|Any CPU
		{F194260D-8A7D-4A9D-83BA-9F9EA0019C6A}.Release|iOS.ActiveCfg = Release|Any CPU
		{F194260D-8A7D-4A9D-83BA-9F9EA0019C6A}.Release|Mixed Platforms.ActiveCfg = Release|Any CPU
		{F194260D-8A7D-4A9D-83BA-9F9EA0019C6A}.Release|Mixed Platforms.Build.0 = Release|Any CPU
		{F194260D-8A7D-4A9D-83BA-9F9EA0019C6A}.Release|Windows Phone (Universal).ActiveCfg = Release|Any CPU
		{F194260D-8A7D-4A9D-83BA-9F9EA0019C6A}.Release|Windows Phone 8.ActiveCfg = Release|Any CPU
		{F194260D-8A7D-4A9D-83BA-9F9EA0019C6A}.Release|Windows-AnyCPU.ActiveCfg = Release|Any CPU
		{F194260D-8A7D-4A9D-83BA-9F9EA0019C6A}.Release|Windows-ARM.ActiveCfg = Release|Any CPU
		{F194260D-8A7D-4A9D-83BA-9F9EA0019C6A}.Release|Windows-x64.ActiveCfg = Release|Any CPU
		{F194260D-8A7D-4A9D-83BA-9F9EA0019C6A}.Release|Windows-x86.ActiveCfg = Release|Any CPU
		{6FB421B7-9253-4E6B-921A-E6CABE048209}.Debug|Android.ActiveCfg = Debug|Any CPU
		{6FB421B7-9253-4E6B-921A-E6CABE048209}.Debug|Any CPU.ActiveCfg = Debug|Any CPU
		{6FB421B7-9253-4E6B-921A-E6CABE048209}.Debug|Any CPU.Build.0 = Debug|Any CPU
		{6FB421B7-9253-4E6B-921A-E6CABE048209}.Debug|iOS.ActiveCfg = Debug|Any CPU
		{6FB421B7-9253-4E6B-921A-E6CABE048209}.Debug|Mixed Platforms.ActiveCfg = Debug|Any CPU
		{6FB421B7-9253-4E6B-921A-E6CABE048209}.Debug|Mixed Platforms.Build.0 = Debug|Any CPU
		{6FB421B7-9253-4E6B-921A-E6CABE048209}.Debug|Windows Phone (Universal).ActiveCfg = Debug|Any CPU
		{6FB421B7-9253-4E6B-921A-E6CABE048209}.Debug|Windows Phone 8.ActiveCfg = Debug|Any CPU
		{6FB421B7-9253-4E6B-921A-E6CABE048209}.Debug|Windows-AnyCPU.ActiveCfg = Debug|Any CPU
		{6FB421B7-9253-4E6B-921A-E6CABE048209}.Debug|Windows-ARM.ActiveCfg = Debug|Any CPU
		{6FB421B7-9253-4E6B-921A-E6CABE048209}.Debug|Windows-x64.ActiveCfg = Debug|Any CPU
		{6FB421B7-9253-4E6B-921A-E6CABE048209}.Debug|Windows-x86.ActiveCfg = Debug|Any CPU
		{6FB421B7-9253-4E6B-921A-E6CABE048209}.Distribution|Android.ActiveCfg = Debug|Any CPU
		{6FB421B7-9253-4E6B-921A-E6CABE048209}.Distribution|Any CPU.ActiveCfg = Debug|Any CPU
		{6FB421B7-9253-4E6B-921A-E6CABE048209}.Distribution|Any CPU.Build.0 = Debug|Any CPU
		{6FB421B7-9253-4E6B-921A-E6CABE048209}.Distribution|iOS.ActiveCfg = Debug|Any CPU
		{6FB421B7-9253-4E6B-921A-E6CABE048209}.Distribution|Mixed Platforms.ActiveCfg = Debug|Any CPU
		{6FB421B7-9253-4E6B-921A-E6CABE048209}.Distribution|Mixed Platforms.Build.0 = Debug|Any CPU
		{6FB421B7-9253-4E6B-921A-E6CABE048209}.Distribution|Windows Phone (Universal).ActiveCfg = Debug|Any CPU
		{6FB421B7-9253-4E6B-921A-E6CABE048209}.Distribution|Windows Phone 8.ActiveCfg = Debug|Any CPU
		{6FB421B7-9253-4E6B-921A-E6CABE048209}.Distribution|Windows-AnyCPU.ActiveCfg = Debug|Any CPU
		{6FB421B7-9253-4E6B-921A-E6CABE048209}.Distribution|Windows-ARM.ActiveCfg = Debug|Any CPU
		{6FB421B7-9253-4E6B-921A-E6CABE048209}.Distribution|Windows-x64.ActiveCfg = Debug|Any CPU
		{6FB421B7-9253-4E6B-921A-E6CABE048209}.Distribution|Windows-x86.ActiveCfg = Debug|Any CPU
		{6FB421B7-9253-4E6B-921A-E6CABE048209}.Release|Android.ActiveCfg = Release|Any CPU
		{6FB421B7-9253-4E6B-921A-E6CABE048209}.Release|Any CPU.ActiveCfg = Release|Any CPU
		{6FB421B7-9253-4E6B-921A-E6CABE048209}.Release|Any CPU.Build.0 = Release|Any CPU
		{6FB421B7-9253-4E6B-921A-E6CABE048209}.Release|iOS.ActiveCfg = Release|Any CPU
		{6FB421B7-9253-4E6B-921A-E6CABE048209}.Release|Mixed Platforms.ActiveCfg = Release|Any CPU
		{6FB421B7-9253-4E6B-921A-E6CABE048209}.Release|Mixed Platforms.Build.0 = Release|Any CPU
		{6FB421B7-9253-4E6B-921A-E6CABE048209}.Release|Windows Phone (Universal).ActiveCfg = Release|Any CPU
		{6FB421B7-9253-4E6B-921A-E6CABE048209}.Release|Windows Phone 8.ActiveCfg = Release|Any CPU
		{6FB421B7-9253-4E6B-921A-E6CABE048209}.Release|Windows-AnyCPU.ActiveCfg = Release|Any CPU
		{6FB421B7-9253-4E6B-921A-E6CABE048209}.Release|Windows-ARM.ActiveCfg = Release|Any CPU
		{6FB421B7-9253-4E6B-921A-E6CABE048209}.Release|Windows-x64.ActiveCfg = Release|Any CPU
		{6FB421B7-9253-4E6B-921A-E6CABE048209}.Release|Windows-x86.ActiveCfg = Release|Any CPU
		{136C929D-A7F9-4C8A-80F2-3B3DAB0C9D23}.Debug|Android.ActiveCfg = Debug|Any CPU
		{136C929D-A7F9-4C8A-80F2-3B3DAB0C9D23}.Debug|Any CPU.ActiveCfg = Debug|Any CPU
		{136C929D-A7F9-4C8A-80F2-3B3DAB0C9D23}.Debug|Any CPU.Build.0 = Debug|Any CPU
		{136C929D-A7F9-4C8A-80F2-3B3DAB0C9D23}.Debug|iOS.ActiveCfg = Debug|Any CPU
		{136C929D-A7F9-4C8A-80F2-3B3DAB0C9D23}.Debug|Mixed Platforms.ActiveCfg = Debug|Any CPU
		{136C929D-A7F9-4C8A-80F2-3B3DAB0C9D23}.Debug|Mixed Platforms.Build.0 = Debug|Any CPU
		{136C929D-A7F9-4C8A-80F2-3B3DAB0C9D23}.Debug|Windows Phone (Universal).ActiveCfg = Debug|Any CPU
		{136C929D-A7F9-4C8A-80F2-3B3DAB0C9D23}.Debug|Windows Phone 8.ActiveCfg = Debug|Any CPU
		{136C929D-A7F9-4C8A-80F2-3B3DAB0C9D23}.Debug|Windows-AnyCPU.ActiveCfg = Debug|Any CPU
		{136C929D-A7F9-4C8A-80F2-3B3DAB0C9D23}.Debug|Windows-ARM.ActiveCfg = Debug|Any CPU
		{136C929D-A7F9-4C8A-80F2-3B3DAB0C9D23}.Debug|Windows-x64.ActiveCfg = Debug|Any CPU
		{136C929D-A7F9-4C8A-80F2-3B3DAB0C9D23}.Debug|Windows-x86.ActiveCfg = Debug|Any CPU
		{136C929D-A7F9-4C8A-80F2-3B3DAB0C9D23}.Distribution|Android.ActiveCfg = Debug|Any CPU
		{136C929D-A7F9-4C8A-80F2-3B3DAB0C9D23}.Distribution|Any CPU.ActiveCfg = Debug|Any CPU
		{136C929D-A7F9-4C8A-80F2-3B3DAB0C9D23}.Distribution|Any CPU.Build.0 = Debug|Any CPU
		{136C929D-A7F9-4C8A-80F2-3B3DAB0C9D23}.Distribution|iOS.ActiveCfg = Debug|Any CPU
		{136C929D-A7F9-4C8A-80F2-3B3DAB0C9D23}.Distribution|Mixed Platforms.ActiveCfg = Debug|Any CPU
		{136C929D-A7F9-4C8A-80F2-3B3DAB0C9D23}.Distribution|Mixed Platforms.Build.0 = Debug|Any CPU
		{136C929D-A7F9-4C8A-80F2-3B3DAB0C9D23}.Distribution|Windows Phone (Universal).ActiveCfg = Debug|Any CPU
		{136C929D-A7F9-4C8A-80F2-3B3DAB0C9D23}.Distribution|Windows Phone 8.ActiveCfg = Debug|Any CPU
		{136C929D-A7F9-4C8A-80F2-3B3DAB0C9D23}.Distribution|Windows-AnyCPU.ActiveCfg = Debug|Any CPU
		{136C929D-A7F9-4C8A-80F2-3B3DAB0C9D23}.Distribution|Windows-ARM.ActiveCfg = Debug|Any CPU
		{136C929D-A7F9-4C8A-80F2-3B3DAB0C9D23}.Distribution|Windows-x64.ActiveCfg = Debug|Any CPU
		{136C929D-A7F9-4C8A-80F2-3B3DAB0C9D23}.Distribution|Windows-x86.ActiveCfg = Debug|Any CPU
		{136C929D-A7F9-4C8A-80F2-3B3DAB0C9D23}.Release|Android.ActiveCfg = Release|Any CPU
		{136C929D-A7F9-4C8A-80F2-3B3DAB0C9D23}.Release|Any CPU.ActiveCfg = Release|Any CPU
		{136C929D-A7F9-4C8A-80F2-3B3DAB0C9D23}.Release|Any CPU.Build.0 = Release|Any CPU
		{136C929D-A7F9-4C8A-80F2-3B3DAB0C9D23}.Release|iOS.ActiveCfg = Release|Any CPU
		{136C929D-A7F9-4C8A-80F2-3B3DAB0C9D23}.Release|Mixed Platforms.ActiveCfg = Release|Any CPU
		{136C929D-A7F9-4C8A-80F2-3B3DAB0C9D23}.Release|Mixed Platforms.Build.0 = Release|Any CPU
		{136C929D-A7F9-4C8A-80F2-3B3DAB0C9D23}.Release|Windows Phone (Universal).ActiveCfg = Release|Any CPU
		{136C929D-A7F9-4C8A-80F2-3B3DAB0C9D23}.Release|Windows Phone 8.ActiveCfg = Release|Any CPU
		{136C929D-A7F9-4C8A-80F2-3B3DAB0C9D23}.Release|Windows-AnyCPU.ActiveCfg = Release|Any CPU
		{136C929D-A7F9-4C8A-80F2-3B3DAB0C9D23}.Release|Windows-ARM.ActiveCfg = Release|Any CPU
		{136C929D-A7F9-4C8A-80F2-3B3DAB0C9D23}.Release|Windows-x64.ActiveCfg = Release|Any CPU
		{136C929D-A7F9-4C8A-80F2-3B3DAB0C9D23}.Release|Windows-x86.ActiveCfg = Release|Any CPU
		{F28C1B0D-93ED-45D5-B6AD-F5B754BB704E}.Debug|Android.ActiveCfg = Debug
		{F28C1B0D-93ED-45D5-B6AD-F5B754BB704E}.Debug|Android.Build.0 = Debug
		{F28C1B0D-93ED-45D5-B6AD-F5B754BB704E}.Debug|Any CPU.ActiveCfg = Debug
		{F28C1B0D-93ED-45D5-B6AD-F5B754BB704E}.Debug|Any CPU.Build.0 = Debug
		{F28C1B0D-93ED-45D5-B6AD-F5B754BB704E}.Debug|iOS.ActiveCfg = Debug
		{F28C1B0D-93ED-45D5-B6AD-F5B754BB704E}.Debug|iOS.Build.0 = Debug
		{F28C1B0D-93ED-45D5-B6AD-F5B754BB704E}.Debug|Mixed Platforms.ActiveCfg = Debug
		{F28C1B0D-93ED-45D5-B6AD-F5B754BB704E}.Debug|Mixed Platforms.Build.0 = Debug
		{F28C1B0D-93ED-45D5-B6AD-F5B754BB704E}.Debug|Windows Phone (Universal).ActiveCfg = Debug
		{F28C1B0D-93ED-45D5-B6AD-F5B754BB704E}.Debug|Windows Phone (Universal).Build.0 = Debug
		{F28C1B0D-93ED-45D5-B6AD-F5B754BB704E}.Debug|Windows Phone 8.ActiveCfg = Debug
		{F28C1B0D-93ED-45D5-B6AD-F5B754BB704E}.Debug|Windows Phone 8.Build.0 = Debug
		{F28C1B0D-93ED-45D5-B6AD-F5B754BB704E}.Debug|Windows-AnyCPU.ActiveCfg = Debug
		{F28C1B0D-93ED-45D5-B6AD-F5B754BB704E}.Debug|Windows-AnyCPU.Build.0 = Debug
		{F28C1B0D-93ED-45D5-B6AD-F5B754BB704E}.Debug|Windows-ARM.ActiveCfg = Debug
		{F28C1B0D-93ED-45D5-B6AD-F5B754BB704E}.Debug|Windows-ARM.Build.0 = Debug
		{F28C1B0D-93ED-45D5-B6AD-F5B754BB704E}.Debug|Windows-x64.ActiveCfg = Debug
		{F28C1B0D-93ED-45D5-B6AD-F5B754BB704E}.Debug|Windows-x64.Build.0 = Debug
		{F28C1B0D-93ED-45D5-B6AD-F5B754BB704E}.Debug|Windows-x86.ActiveCfg = Debug
		{F28C1B0D-93ED-45D5-B6AD-F5B754BB704E}.Debug|Windows-x86.Build.0 = Debug
		{F28C1B0D-93ED-45D5-B6AD-F5B754BB704E}.Distribution|Android.ActiveCfg = Debug
		{F28C1B0D-93ED-45D5-B6AD-F5B754BB704E}.Distribution|Android.Build.0 = Debug
		{F28C1B0D-93ED-45D5-B6AD-F5B754BB704E}.Distribution|Any CPU.ActiveCfg = Debug
		{F28C1B0D-93ED-45D5-B6AD-F5B754BB704E}.Distribution|Any CPU.Build.0 = Debug
		{F28C1B0D-93ED-45D5-B6AD-F5B754BB704E}.Distribution|iOS.ActiveCfg = Debug
		{F28C1B0D-93ED-45D5-B6AD-F5B754BB704E}.Distribution|iOS.Build.0 = Debug
		{F28C1B0D-93ED-45D5-B6AD-F5B754BB704E}.Distribution|Mixed Platforms.ActiveCfg = Debug
		{F28C1B0D-93ED-45D5-B6AD-F5B754BB704E}.Distribution|Mixed Platforms.Build.0 = Debug
		{F28C1B0D-93ED-45D5-B6AD-F5B754BB704E}.Distribution|Windows Phone (Universal).ActiveCfg = Debug
		{F28C1B0D-93ED-45D5-B6AD-F5B754BB704E}.Distribution|Windows Phone (Universal).Build.0 = Debug
		{F28C1B0D-93ED-45D5-B6AD-F5B754BB704E}.Distribution|Windows Phone 8.ActiveCfg = Debug
		{F28C1B0D-93ED-45D5-B6AD-F5B754BB704E}.Distribution|Windows Phone 8.Build.0 = Debug
		{F28C1B0D-93ED-45D5-B6AD-F5B754BB704E}.Distribution|Windows-AnyCPU.ActiveCfg = Debug
		{F28C1B0D-93ED-45D5-B6AD-F5B754BB704E}.Distribution|Windows-AnyCPU.Build.0 = Debug
		{F28C1B0D-93ED-45D5-B6AD-F5B754BB704E}.Distribution|Windows-ARM.ActiveCfg = Debug
		{F28C1B0D-93ED-45D5-B6AD-F5B754BB704E}.Distribution|Windows-ARM.Build.0 = Debug
		{F28C1B0D-93ED-45D5-B6AD-F5B754BB704E}.Distribution|Windows-x64.ActiveCfg = Debug
		{F28C1B0D-93ED-45D5-B6AD-F5B754BB704E}.Distribution|Windows-x64.Build.0 = Debug
		{F28C1B0D-93ED-45D5-B6AD-F5B754BB704E}.Distribution|Windows-x86.ActiveCfg = Debug
		{F28C1B0D-93ED-45D5-B6AD-F5B754BB704E}.Distribution|Windows-x86.Build.0 = Debug
		{F28C1B0D-93ED-45D5-B6AD-F5B754BB704E}.Release|Android.ActiveCfg = Release
		{F28C1B0D-93ED-45D5-B6AD-F5B754BB704E}.Release|Android.Build.0 = Release
		{F28C1B0D-93ED-45D5-B6AD-F5B754BB704E}.Release|Any CPU.ActiveCfg = Release
		{F28C1B0D-93ED-45D5-B6AD-F5B754BB704E}.Release|Any CPU.Build.0 = Release
		{F28C1B0D-93ED-45D5-B6AD-F5B754BB704E}.Release|iOS.ActiveCfg = Release
		{F28C1B0D-93ED-45D5-B6AD-F5B754BB704E}.Release|iOS.Build.0 = Release
		{F28C1B0D-93ED-45D5-B6AD-F5B754BB704E}.Release|Mixed Platforms.ActiveCfg = Release
		{F28C1B0D-93ED-45D5-B6AD-F5B754BB704E}.Release|Mixed Platforms.Build.0 = Release
		{F28C1B0D-93ED-45D5-B6AD-F5B754BB704E}.Release|Windows Phone (Universal).ActiveCfg = Release
		{F28C1B0D-93ED-45D5-B6AD-F5B754BB704E}.Release|Windows Phone (Universal).Build.0 = Release
		{F28C1B0D-93ED-45D5-B6AD-F5B754BB704E}.Release|Windows Phone 8.ActiveCfg = Release
		{F28C1B0D-93ED-45D5-B6AD-F5B754BB704E}.Release|Windows Phone 8.Build.0 = Release
		{F28C1B0D-93ED-45D5-B6AD-F5B754BB704E}.Release|Windows-AnyCPU.ActiveCfg = Release
		{F28C1B0D-93ED-45D5-B6AD-F5B754BB704E}.Release|Windows-AnyCPU.Build.0 = Release
		{F28C1B0D-93ED-45D5-B6AD-F5B754BB704E}.Release|Windows-ARM.ActiveCfg = Release
		{F28C1B0D-93ED-45D5-B6AD-F5B754BB704E}.Release|Windows-ARM.Build.0 = Release
		{F28C1B0D-93ED-45D5-B6AD-F5B754BB704E}.Release|Windows-x64.ActiveCfg = Release
		{F28C1B0D-93ED-45D5-B6AD-F5B754BB704E}.Release|Windows-x64.Build.0 = Release
		{F28C1B0D-93ED-45D5-B6AD-F5B754BB704E}.Release|Windows-x86.ActiveCfg = Release
		{F28C1B0D-93ED-45D5-B6AD-F5B754BB704E}.Release|Windows-x86.Build.0 = Release
		{983698E4-02B0-4FED-82CD-FD11958B465E}.Debug|Android.ActiveCfg = Debug
		{983698E4-02B0-4FED-82CD-FD11958B465E}.Debug|Android.Build.0 = Debug
		{983698E4-02B0-4FED-82CD-FD11958B465E}.Debug|Any CPU.ActiveCfg = Debug
		{983698E4-02B0-4FED-82CD-FD11958B465E}.Debug|Any CPU.Build.0 = Debug
		{983698E4-02B0-4FED-82CD-FD11958B465E}.Debug|iOS.ActiveCfg = Debug
		{983698E4-02B0-4FED-82CD-FD11958B465E}.Debug|iOS.Build.0 = Debug
		{983698E4-02B0-4FED-82CD-FD11958B465E}.Debug|Mixed Platforms.ActiveCfg = Debug
		{983698E4-02B0-4FED-82CD-FD11958B465E}.Debug|Mixed Platforms.Build.0 = Debug
		{983698E4-02B0-4FED-82CD-FD11958B465E}.Debug|Windows Phone (Universal).ActiveCfg = Debug
		{983698E4-02B0-4FED-82CD-FD11958B465E}.Debug|Windows Phone (Universal).Build.0 = Debug
		{983698E4-02B0-4FED-82CD-FD11958B465E}.Debug|Windows Phone 8.ActiveCfg = Debug
		{983698E4-02B0-4FED-82CD-FD11958B465E}.Debug|Windows Phone 8.Build.0 = Debug
		{983698E4-02B0-4FED-82CD-FD11958B465E}.Debug|Windows-AnyCPU.ActiveCfg = Debug
		{983698E4-02B0-4FED-82CD-FD11958B465E}.Debug|Windows-AnyCPU.Build.0 = Debug
		{983698E4-02B0-4FED-82CD-FD11958B465E}.Debug|Windows-ARM.ActiveCfg = Debug
		{983698E4-02B0-4FED-82CD-FD11958B465E}.Debug|Windows-ARM.Build.0 = Debug
		{983698E4-02B0-4FED-82CD-FD11958B465E}.Debug|Windows-x64.ActiveCfg = Debug
		{983698E4-02B0-4FED-82CD-FD11958B465E}.Debug|Windows-x64.Build.0 = Debug
		{983698E4-02B0-4FED-82CD-FD11958B465E}.Debug|Windows-x86.ActiveCfg = Debug
		{983698E4-02B0-4FED-82CD-FD11958B465E}.Debug|Windows-x86.Build.0 = Debug
		{983698E4-02B0-4FED-82CD-FD11958B465E}.Distribution|Android.ActiveCfg = Debug
		{983698E4-02B0-4FED-82CD-FD11958B465E}.Distribution|Android.Build.0 = Debug
		{983698E4-02B0-4FED-82CD-FD11958B465E}.Distribution|Any CPU.ActiveCfg = Debug
		{983698E4-02B0-4FED-82CD-FD11958B465E}.Distribution|Any CPU.Build.0 = Debug
		{983698E4-02B0-4FED-82CD-FD11958B465E}.Distribution|iOS.ActiveCfg = Debug
		{983698E4-02B0-4FED-82CD-FD11958B465E}.Distribution|iOS.Build.0 = Debug
		{983698E4-02B0-4FED-82CD-FD11958B465E}.Distribution|Mixed Platforms.ActiveCfg = Debug
		{983698E4-02B0-4FED-82CD-FD11958B465E}.Distribution|Mixed Platforms.Build.0 = Debug
		{983698E4-02B0-4FED-82CD-FD11958B465E}.Distribution|Windows Phone (Universal).ActiveCfg = Debug
		{983698E4-02B0-4FED-82CD-FD11958B465E}.Distribution|Windows Phone (Universal).Build.0 = Debug
		{983698E4-02B0-4FED-82CD-FD11958B465E}.Distribution|Windows Phone 8.ActiveCfg = Debug
		{983698E4-02B0-4FED-82CD-FD11958B465E}.Distribution|Windows Phone 8.Build.0 = Debug
		{983698E4-02B0-4FED-82CD-FD11958B465E}.Distribution|Windows-AnyCPU.ActiveCfg = Debug
		{983698E4-02B0-4FED-82CD-FD11958B465E}.Distribution|Windows-AnyCPU.Build.0 = Debug
		{983698E4-02B0-4FED-82CD-FD11958B465E}.Distribution|Windows-ARM.ActiveCfg = Debug
		{983698E4-02B0-4FED-82CD-FD11958B465E}.Distribution|Windows-ARM.Build.0 = Debug
		{983698E4-02B0-4FED-82CD-FD11958B465E}.Distribution|Windows-x64.ActiveCfg = Debug
		{983698E4-02B0-4FED-82CD-FD11958B465E}.Distribution|Windows-x64.Build.0 = Debug
		{983698E4-02B0-4FED-82CD-FD11958B465E}.Distribution|Windows-x86.ActiveCfg = Debug
		{983698E4-02B0-4FED-82CD-FD11958B465E}.Distribution|Windows-x86.Build.0 = Debug
		{983698E4-02B0-4FED-82CD-FD11958B465E}.Release|Android.ActiveCfg = Release
		{983698E4-02B0-4FED-82CD-FD11958B465E}.Release|Android.Build.0 = Release
		{983698E4-02B0-4FED-82CD-FD11958B465E}.Release|Any CPU.ActiveCfg = Release
		{983698E4-02B0-4FED-82CD-FD11958B465E}.Release|Any CPU.Build.0 = Release
		{983698E4-02B0-4FED-82CD-FD11958B465E}.Release|iOS.ActiveCfg = Release
		{983698E4-02B0-4FED-82CD-FD11958B465E}.Release|iOS.Build.0 = Release
		{983698E4-02B0-4FED-82CD-FD11958B465E}.Release|Mixed Platforms.ActiveCfg = Release
		{983698E4-02B0-4FED-82CD-FD11958B465E}.Release|Mixed Platforms.Build.0 = Release
		{983698E4-02B0-4FED-82CD-FD11958B465E}.Release|Windows Phone (Universal).ActiveCfg = Release
		{983698E4-02B0-4FED-82CD-FD11958B465E}.Release|Windows Phone (Universal).Build.0 = Release
		{983698E4-02B0-4FED-82CD-FD11958B465E}.Release|Windows Phone 8.ActiveCfg = Release
		{983698E4-02B0-4FED-82CD-FD11958B465E}.Release|Windows Phone 8.Build.0 = Release
		{983698E4-02B0-4FED-82CD-FD11958B465E}.Release|Windows-AnyCPU.ActiveCfg = Release
		{983698E4-02B0-4FED-82CD-FD11958B465E}.Release|Windows-AnyCPU.Build.0 = Release
		{983698E4-02B0-4FED-82CD-FD11958B465E}.Release|Windows-ARM.ActiveCfg = Release
		{983698E4-02B0-4FED-82CD-FD11958B465E}.Release|Windows-ARM.Build.0 = Release
		{983698E4-02B0-4FED-82CD-FD11958B465E}.Release|Windows-x64.ActiveCfg = Release
		{983698E4-02B0-4FED-82CD-FD11958B465E}.Release|Windows-x64.Build.0 = Release
		{983698E4-02B0-4FED-82CD-FD11958B465E}.Release|Windows-x86.ActiveCfg = Release
		{983698E4-02B0-4FED-82CD-FD11958B465E}.Release|Windows-x86.Build.0 = Release
		{1870AA9E-52CA-411B-9614-0E8EFC0EABEC}.Debug|Android.ActiveCfg = Debug
		{1870AA9E-52CA-411B-9614-0E8EFC0EABEC}.Debug|Android.Build.0 = Debug
		{1870AA9E-52CA-411B-9614-0E8EFC0EABEC}.Debug|Any CPU.ActiveCfg = Debug
		{1870AA9E-52CA-411B-9614-0E8EFC0EABEC}.Debug|Any CPU.Build.0 = Debug
		{1870AA9E-52CA-411B-9614-0E8EFC0EABEC}.Debug|iOS.ActiveCfg = Debug
		{1870AA9E-52CA-411B-9614-0E8EFC0EABEC}.Debug|iOS.Build.0 = Debug
		{1870AA9E-52CA-411B-9614-0E8EFC0EABEC}.Debug|Mixed Platforms.ActiveCfg = Debug
		{1870AA9E-52CA-411B-9614-0E8EFC0EABEC}.Debug|Mixed Platforms.Build.0 = Debug
		{1870AA9E-52CA-411B-9614-0E8EFC0EABEC}.Debug|Windows Phone (Universal).ActiveCfg = Debug
		{1870AA9E-52CA-411B-9614-0E8EFC0EABEC}.Debug|Windows Phone (Universal).Build.0 = Debug
		{1870AA9E-52CA-411B-9614-0E8EFC0EABEC}.Debug|Windows Phone 8.ActiveCfg = Debug
		{1870AA9E-52CA-411B-9614-0E8EFC0EABEC}.Debug|Windows Phone 8.Build.0 = Debug
		{1870AA9E-52CA-411B-9614-0E8EFC0EABEC}.Debug|Windows-AnyCPU.ActiveCfg = Debug
		{1870AA9E-52CA-411B-9614-0E8EFC0EABEC}.Debug|Windows-AnyCPU.Build.0 = Debug
		{1870AA9E-52CA-411B-9614-0E8EFC0EABEC}.Debug|Windows-ARM.ActiveCfg = Debug
		{1870AA9E-52CA-411B-9614-0E8EFC0EABEC}.Debug|Windows-ARM.Build.0 = Debug
		{1870AA9E-52CA-411B-9614-0E8EFC0EABEC}.Debug|Windows-x64.ActiveCfg = Debug
		{1870AA9E-52CA-411B-9614-0E8EFC0EABEC}.Debug|Windows-x64.Build.0 = Debug
		{1870AA9E-52CA-411B-9614-0E8EFC0EABEC}.Debug|Windows-x86.ActiveCfg = Debug
		{1870AA9E-52CA-411B-9614-0E8EFC0EABEC}.Debug|Windows-x86.Build.0 = Debug
		{1870AA9E-52CA-411B-9614-0E8EFC0EABEC}.Distribution|Android.ActiveCfg = Debug
		{1870AA9E-52CA-411B-9614-0E8EFC0EABEC}.Distribution|Android.Build.0 = Debug
		{1870AA9E-52CA-411B-9614-0E8EFC0EABEC}.Distribution|Any CPU.ActiveCfg = Debug
		{1870AA9E-52CA-411B-9614-0E8EFC0EABEC}.Distribution|Any CPU.Build.0 = Debug
		{1870AA9E-52CA-411B-9614-0E8EFC0EABEC}.Distribution|iOS.ActiveCfg = Debug
		{1870AA9E-52CA-411B-9614-0E8EFC0EABEC}.Distribution|iOS.Build.0 = Debug
		{1870AA9E-52CA-411B-9614-0E8EFC0EABEC}.Distribution|Mixed Platforms.ActiveCfg = Debug
		{1870AA9E-52CA-411B-9614-0E8EFC0EABEC}.Distribution|Mixed Platforms.Build.0 = Debug
		{1870AA9E-52CA-411B-9614-0E8EFC0EABEC}.Distribution|Windows Phone (Universal).ActiveCfg = Debug
		{1870AA9E-52CA-411B-9614-0E8EFC0EABEC}.Distribution|Windows Phone (Universal).Build.0 = Debug
		{1870AA9E-52CA-411B-9614-0E8EFC0EABEC}.Distribution|Windows Phone 8.ActiveCfg = Debug
		{1870AA9E-52CA-411B-9614-0E8EFC0EABEC}.Distribution|Windows Phone 8.Build.0 = Debug
		{1870AA9E-52CA-411B-9614-0E8EFC0EABEC}.Distribution|Windows-AnyCPU.ActiveCfg = Debug
		{1870AA9E-52CA-411B-9614-0E8EFC0EABEC}.Distribution|Windows-AnyCPU.Build.0 = Debug
		{1870AA9E-52CA-411B-9614-0E8EFC0EABEC}.Distribution|Windows-ARM.ActiveCfg = Debug
		{1870AA9E-52CA-411B-9614-0E8EFC0EABEC}.Distribution|Windows-ARM.Build.0 = Debug
		{1870AA9E-52CA-411B-9614-0E8EFC0EABEC}.Distribution|Windows-x64.ActiveCfg = Debug
		{1870AA9E-52CA-411B-9614-0E8EFC0EABEC}.Distribution|Windows-x64.Build.0 = Debug
		{1870AA9E-52CA-411B-9614-0E8EFC0EABEC}.Distribution|Windows-x86.ActiveCfg = Debug
		{1870AA9E-52CA-411B-9614-0E8EFC0EABEC}.Distribution|Windows-x86.Build.0 = Debug
		{1870AA9E-52CA-411B-9614-0E8EFC0EABEC}.Release|Android.ActiveCfg = Release
		{1870AA9E-52CA-411B-9614-0E8EFC0EABEC}.Release|Android.Build.0 = Release
		{1870AA9E-52CA-411B-9614-0E8EFC0EABEC}.Release|Any CPU.ActiveCfg = Release
		{1870AA9E-52CA-411B-9614-0E8EFC0EABEC}.Release|Any CPU.Build.0 = Release
		{1870AA9E-52CA-411B-9614-0E8EFC0EABEC}.Release|iOS.ActiveCfg = Release
		{1870AA9E-52CA-411B-9614-0E8EFC0EABEC}.Release|iOS.Build.0 = Release
		{1870AA9E-52CA-411B-9614-0E8EFC0EABEC}.Release|Mixed Platforms.ActiveCfg = Release
		{1870AA9E-52CA-411B-9614-0E8EFC0EABEC}.Release|Mixed Platforms.Build.0 = Release
		{1870AA9E-52CA-411B-9614-0E8EFC0EABEC}.Release|Windows Phone (Universal).ActiveCfg = Release
		{1870AA9E-52CA-411B-9614-0E8EFC0EABEC}.Release|Windows Phone (Universal).Build.0 = Release
		{1870AA9E-52CA-411B-9614-0E8EFC0EABEC}.Release|Windows Phone 8.ActiveCfg = Release
		{1870AA9E-52CA-411B-9614-0E8EFC0EABEC}.Release|Windows Phone 8.Build.0 = Release
		{1870AA9E-52CA-411B-9614-0E8EFC0EABEC}.Release|Windows-AnyCPU.ActiveCfg = Release
		{1870AA9E-52CA-411B-9614-0E8EFC0EABEC}.Release|Windows-AnyCPU.Build.0 = Release
		{1870AA9E-52CA-411B-9614-0E8EFC0EABEC}.Release|Windows-ARM.ActiveCfg = Release
		{1870AA9E-52CA-411B-9614-0E8EFC0EABEC}.Release|Windows-ARM.Build.0 = Release
		{1870AA9E-52CA-411B-9614-0E8EFC0EABEC}.Release|Windows-x64.ActiveCfg = Release
		{1870AA9E-52CA-411B-9614-0E8EFC0EABEC}.Release|Windows-x64.Build.0 = Release
		{1870AA9E-52CA-411B-9614-0E8EFC0EABEC}.Release|Windows-x86.ActiveCfg = Release
		{1870AA9E-52CA-411B-9614-0E8EFC0EABEC}.Release|Windows-x86.Build.0 = Release
	EndGlobalSection
	GlobalSection(SolutionProperties) = preSolution
		HideSolutionNode = FALSE
	EndGlobalSection
EndGlobal
